// !$*UTF8*$!
{
	archiveVersion = 1;
	classes = {
	};
	objectVersion = 51;
	objects = {

/* Begin PBXBuildFile section */
		394B56C626261FC900702F72 /* GoogleService-Info.plist in Resources */ = {isa = PBXBuildFile; fileRef = 394B56C526261FC900702F72 /* GoogleService-Info.plist */; };
		394B570626265E0200702F72 /* LoginAuthViewController.swift in Sources */ = {isa = PBXBuildFile; fileRef = 394B570526265E0200702F72 /* LoginAuthViewController.swift */; };
		39E886042624CF6A00FF10BC /* AppDelegate.swift in Sources */ = {isa = PBXBuildFile; fileRef = 39E886032624CF6A00FF10BC /* AppDelegate.swift */; };
		39E886062624CF6A00FF10BC /* SceneDelegate.swift in Sources */ = {isa = PBXBuildFile; fileRef = 39E886052624CF6A00FF10BC /* SceneDelegate.swift */; };
		39E886082624CF6A00FF10BC /* ViewController.swift in Sources */ = {isa = PBXBuildFile; fileRef = 39E886072624CF6A00FF10BC /* ViewController.swift */; };
		39E8860B2624CF6A00FF10BC /* Main.storyboard in Resources */ = {isa = PBXBuildFile; fileRef = 39E886092624CF6A00FF10BC /* Main.storyboard */; };
		39E8860D2624CF7000FF10BC /* Assets.xcassets in Resources */ = {isa = PBXBuildFile; fileRef = 39E8860C2624CF7000FF10BC /* Assets.xcassets */; };
		39E886102624CF7000FF10BC /* LaunchScreen.storyboard in Resources */ = {isa = PBXBuildFile; fileRef = 39E8860E2624CF7000FF10BC /* LaunchScreen.storyboard */; };
		3D154D6E2628BFFC00C40935 /* ResumeDetailViewController.swift in Sources */ = {isa = PBXBuildFile; fileRef = 3D154D6D2628BFFC00C40935 /* ResumeDetailViewController.swift */; };
		3D154DBA2628E53A00C40935 /* ResumeProfileLinkViewController.swift in Sources */ = {isa = PBXBuildFile; fileRef = 3D154DB92628E53A00C40935 /* ResumeProfileLinkViewController.swift */; };
		3D2137AA2627C2C000B5E12F /* ResumeCollectionViewCell.swift in Sources */ = {isa = PBXBuildFile; fileRef = 3D2137A92627C2C000B5E12F /* ResumeCollectionViewCell.swift */; };
		3D2137AE2627D01A00B5E12F /* Resume.swift in Sources */ = {isa = PBXBuildFile; fileRef = 3D2137AD2627D01A00B5E12F /* Resume.swift */; };
		3D225FB72629D66900CCD3F4 /* ResumeSummaryViewController.swift in Sources */ = {isa = PBXBuildFile; fileRef = 3D225FB62629D66900CCD3F4 /* ResumeSummaryViewController.swift */; };
		3D225FD32629DF5000CCD3F4 /* ResumeEducationViewController.swift in Sources */ = {isa = PBXBuildFile; fileRef = 3D225FD22629DF5000CCD3F4 /* ResumeEducationViewController.swift */; };
		3D225FD62629DFF800CCD3F4 /* EducationTableViewCell.swift in Sources */ = {isa = PBXBuildFile; fileRef = 3D225FD52629DFF800CCD3F4 /* EducationTableViewCell.swift */; };
		3D225FD92629EADD00CCD3F4 /* ExperianceTableViewCell.swift in Sources */ = {isa = PBXBuildFile; fileRef = 3D225FD82629EADD00CCD3F4 /* ExperianceTableViewCell.swift */; };
		3D225FDC2629EB1900CCD3F4 /* ResumeExperianceViewController.swift in Sources */ = {isa = PBXBuildFile; fileRef = 3D225FDB2629EB1900CCD3F4 /* ResumeExperianceViewController.swift */; };
		3D225FDF2629EB7000CCD3F4 /* ResumeSkilsViewController.swift in Sources */ = {isa = PBXBuildFile; fileRef = 3D225FDE2629EB7000CCD3F4 /* ResumeSkilsViewController.swift */; };
		3D27E748262B0A8E00BA26A8 /* CustomPrintPageRenderer.swift in Sources */ = {isa = PBXBuildFile; fileRef = 3D27E747262B0A8E00BA26A8 /* CustomPrintPageRenderer.swift */; };
		3D27E74B262B2C4C00BA26A8 /* AddNewPopUoViewController.swift in Sources */ = {isa = PBXBuildFile; fileRef = 3D27E74A262B2C4C00BA26A8 /* AddNewPopUoViewController.swift */; };
		3D7CE0CF262A807D00DE8B30 /* ResumeChooseTemplateCollectionViewCell.swift in Sources */ = {isa = PBXBuildFile; fileRef = 3D7CE0CE262A807D00DE8B30 /* ResumeChooseTemplateCollectionViewCell.swift */; };
		3D7CE0D2262A856E00DE8B30 /* ResumeChooseTemplateViewController.swift in Sources */ = {isa = PBXBuildFile; fileRef = 3D7CE0D1262A856E00DE8B30 /* ResumeChooseTemplateViewController.swift */; };
		3D7CE0D5262A86D700DE8B30 /* ResumeSaveDownloadViewController.swift in Sources */ = {isa = PBXBuildFile; fileRef = 3D7CE0D4262A86D700DE8B30 /* ResumeSaveDownloadViewController.swift */; };
		3D7CE0D8262A898500DE8B30 /* SubscriptionViewController.swift in Sources */ = {isa = PBXBuildFile; fileRef = 3D7CE0D7262A898500DE8B30 /* SubscriptionViewController.swift */; };
		3D7CE0DB262A89C000DE8B30 /* SubscriptionCollectionViewCell.swift in Sources */ = {isa = PBXBuildFile; fileRef = 3D7CE0DA262A89C000DE8B30 /* SubscriptionCollectionViewCell.swift */; };
		3D7CE0DE262A9A9B00DE8B30 /* CoverLetterDetailViewController.swift in Sources */ = {isa = PBXBuildFile; fileRef = 3D7CE0DD262A9A9B00DE8B30 /* CoverLetterDetailViewController.swift */; };
		8CC3786EEB7842B015C2AD2C /* Pods_Capstone_CodeBrewer_BuildJobProfile.framework in Frameworks */ = {isa = PBXBuildFile; fileRef = 280BF69109C912B97AA30C86 /* Pods_Capstone_CodeBrewer_BuildJobProfile.framework */; };
		C8452E822628ADE700DBD578 /* ResumePersonalViewController.swift in Sources */ = {isa = PBXBuildFile; fileRef = C8452E812628ADE700DBD578 /* ResumePersonalViewController.swift */; };
		C86710DF262761E90071B54C /* DashboardViewController.swift in Sources */ = {isa = PBXBuildFile; fileRef = C86710DE262761E90071B54C /* DashboardViewController.swift */; };
/* End PBXBuildFile section */

/* Begin PBXFileReference section */
		0976D90B81460B94EECCE6A6 /* Pods-Capstone_CodeBrewer_BuildJobProfile.debug.xcconfig */ = {isa = PBXFileReference; includeInIndex = 1; lastKnownFileType = text.xcconfig; name = "Pods-Capstone_CodeBrewer_BuildJobProfile.debug.xcconfig"; path = "Target Support Files/Pods-Capstone_CodeBrewer_BuildJobProfile/Pods-Capstone_CodeBrewer_BuildJobProfile.debug.xcconfig"; sourceTree = "<group>"; };
		280BF69109C912B97AA30C86 /* Pods_Capstone_CodeBrewer_BuildJobProfile.framework */ = {isa = PBXFileReference; explicitFileType = wrapper.framework; includeInIndex = 0; path = Pods_Capstone_CodeBrewer_BuildJobProfile.framework; sourceTree = BUILT_PRODUCTS_DIR; };
		394B56C526261FC900702F72 /* GoogleService-Info.plist */ = {isa = PBXFileReference; fileEncoding = 4; lastKnownFileType = text.plist.xml; path = "GoogleService-Info.plist"; sourceTree = "<group>"; };
		394B570526265E0200702F72 /* LoginAuthViewController.swift */ = {isa = PBXFileReference; lastKnownFileType = sourcecode.swift; path = LoginAuthViewController.swift; sourceTree = "<group>"; };
		39E886002624CF6A00FF10BC /* Capstone_CodeBrewer_BuildJobProfile.app */ = {isa = PBXFileReference; explicitFileType = wrapper.application; includeInIndex = 0; path = Capstone_CodeBrewer_BuildJobProfile.app; sourceTree = BUILT_PRODUCTS_DIR; };
		39E886032624CF6A00FF10BC /* AppDelegate.swift */ = {isa = PBXFileReference; lastKnownFileType = sourcecode.swift; path = AppDelegate.swift; sourceTree = "<group>"; };
		39E886052624CF6A00FF10BC /* SceneDelegate.swift */ = {isa = PBXFileReference; lastKnownFileType = sourcecode.swift; path = SceneDelegate.swift; sourceTree = "<group>"; };
		39E886072624CF6A00FF10BC /* ViewController.swift */ = {isa = PBXFileReference; lastKnownFileType = sourcecode.swift; path = ViewController.swift; sourceTree = "<group>"; };
		39E8860A2624CF6A00FF10BC /* Base */ = {isa = PBXFileReference; lastKnownFileType = file.storyboard; name = Base; path = Base.lproj/Main.storyboard; sourceTree = "<group>"; };
		39E8860C2624CF7000FF10BC /* Assets.xcassets */ = {isa = PBXFileReference; lastKnownFileType = folder.assetcatalog; path = Assets.xcassets; sourceTree = "<group>"; };
		39E8860F2624CF7000FF10BC /* Base */ = {isa = PBXFileReference; lastKnownFileType = file.storyboard; name = Base; path = Base.lproj/LaunchScreen.storyboard; sourceTree = "<group>"; };
		39E886112624CF7000FF10BC /* Info.plist */ = {isa = PBXFileReference; lastKnownFileType = text.plist.xml; path = Info.plist; sourceTree = "<group>"; };
		3D154D6D2628BFFC00C40935 /* ResumeDetailViewController.swift */ = {isa = PBXFileReference; lastKnownFileType = sourcecode.swift; path = ResumeDetailViewController.swift; sourceTree = "<group>"; };
		3D154DB92628E53A00C40935 /* ResumeProfileLinkViewController.swift */ = {isa = PBXFileReference; lastKnownFileType = sourcecode.swift; path = ResumeProfileLinkViewController.swift; sourceTree = "<group>"; };
		3D2137A92627C2C000B5E12F /* ResumeCollectionViewCell.swift */ = {isa = PBXFileReference; lastKnownFileType = sourcecode.swift; path = ResumeCollectionViewCell.swift; sourceTree = "<group>"; };
		3D2137AD2627D01A00B5E12F /* Resume.swift */ = {isa = PBXFileReference; lastKnownFileType = sourcecode.swift; path = Resume.swift; sourceTree = "<group>"; };
		3D225FB62629D66900CCD3F4 /* ResumeSummaryViewController.swift */ = {isa = PBXFileReference; lastKnownFileType = sourcecode.swift; path = ResumeSummaryViewController.swift; sourceTree = "<group>"; };
		3D225FD22629DF5000CCD3F4 /* ResumeEducationViewController.swift */ = {isa = PBXFileReference; lastKnownFileType = sourcecode.swift; path = ResumeEducationViewController.swift; sourceTree = "<group>"; };
		3D225FD52629DFF800CCD3F4 /* EducationTableViewCell.swift */ = {isa = PBXFileReference; lastKnownFileType = sourcecode.swift; path = EducationTableViewCell.swift; sourceTree = "<group>"; };
		3D225FD82629EADD00CCD3F4 /* ExperianceTableViewCell.swift */ = {isa = PBXFileReference; lastKnownFileType = sourcecode.swift; path = ExperianceTableViewCell.swift; sourceTree = "<group>"; };
		3D225FDB2629EB1900CCD3F4 /* ResumeExperianceViewController.swift */ = {isa = PBXFileReference; lastKnownFileType = sourcecode.swift; path = ResumeExperianceViewController.swift; sourceTree = "<group>"; };
		3D225FDE2629EB7000CCD3F4 /* ResumeSkilsViewController.swift */ = {isa = PBXFileReference; lastKnownFileType = sourcecode.swift; path = ResumeSkilsViewController.swift; sourceTree = "<group>"; };
		3D27E747262B0A8E00BA26A8 /* CustomPrintPageRenderer.swift */ = {isa = PBXFileReference; lastKnownFileType = sourcecode.swift; path = CustomPrintPageRenderer.swift; sourceTree = "<group>"; };
		3D27E74A262B2C4C00BA26A8 /* AddNewPopUoViewController.swift */ = {isa = PBXFileReference; lastKnownFileType = sourcecode.swift; path = AddNewPopUoViewController.swift; sourceTree = "<group>"; };
		3D7CE0CE262A807D00DE8B30 /* ResumeChooseTemplateCollectionViewCell.swift */ = {isa = PBXFileReference; lastKnownFileType = sourcecode.swift; path = ResumeChooseTemplateCollectionViewCell.swift; sourceTree = "<group>"; };
		3D7CE0D1262A856E00DE8B30 /* ResumeChooseTemplateViewController.swift */ = {isa = PBXFileReference; lastKnownFileType = sourcecode.swift; path = ResumeChooseTemplateViewController.swift; sourceTree = "<group>"; };
		3D7CE0D4262A86D700DE8B30 /* ResumeSaveDownloadViewController.swift */ = {isa = PBXFileReference; lastKnownFileType = sourcecode.swift; path = ResumeSaveDownloadViewController.swift; sourceTree = "<group>"; };
		3D7CE0D7262A898500DE8B30 /* SubscriptionViewController.swift */ = {isa = PBXFileReference; lastKnownFileType = sourcecode.swift; path = SubscriptionViewController.swift; sourceTree = "<group>"; };
		3D7CE0DA262A89C000DE8B30 /* SubscriptionCollectionViewCell.swift */ = {isa = PBXFileReference; lastKnownFileType = sourcecode.swift; path = SubscriptionCollectionViewCell.swift; sourceTree = "<group>"; };
		3D7CE0DD262A9A9B00DE8B30 /* CoverLetterDetailViewController.swift */ = {isa = PBXFileReference; lastKnownFileType = sourcecode.swift; path = CoverLetterDetailViewController.swift; sourceTree = "<group>"; };
		AB7269D0D3CC20860A0456B4 /* Pods-Capstone_CodeBrewer_BuildJobProfile.release.xcconfig */ = {isa = PBXFileReference; includeInIndex = 1; lastKnownFileType = text.xcconfig; name = "Pods-Capstone_CodeBrewer_BuildJobProfile.release.xcconfig"; path = "Target Support Files/Pods-Capstone_CodeBrewer_BuildJobProfile/Pods-Capstone_CodeBrewer_BuildJobProfile.release.xcconfig"; sourceTree = "<group>"; };
		C8452E812628ADE700DBD578 /* ResumePersonalViewController.swift */ = {isa = PBXFileReference; lastKnownFileType = sourcecode.swift; path = ResumePersonalViewController.swift; sourceTree = "<group>"; };
		C86710DE262761E90071B54C /* DashboardViewController.swift */ = {isa = PBXFileReference; lastKnownFileType = sourcecode.swift; path = DashboardViewController.swift; sourceTree = "<group>"; };
/* End PBXFileReference section */

/* Begin PBXFrameworksBuildPhase section */
		39E885FD2624CF6A00FF10BC /* Frameworks */ = {
			isa = PBXFrameworksBuildPhase;
			buildActionMask = 2147483647;
			files = (
				8CC3786EEB7842B015C2AD2C /* Pods_Capstone_CodeBrewer_BuildJobProfile.framework in Frameworks */,
			);
			runOnlyForDeploymentPostprocessing = 0;
		};
/* End PBXFrameworksBuildPhase section */

/* Begin PBXGroup section */
		39E885F72624CF6A00FF10BC = {
			isa = PBXGroup;
			children = (
				39E886022624CF6A00FF10BC /* Capstone_CodeBrewer_BuildJobProfile */,
				39E886012624CF6A00FF10BC /* Products */,
				C8903494D012AEF96D55382E /* Pods */,
				F0B1EE11779E55D19908DBD2 /* Frameworks */,
			);
			sourceTree = "<group>";
		};
		39E886012624CF6A00FF10BC /* Products */ = {
			isa = PBXGroup;
			children = (
				39E886002624CF6A00FF10BC /* Capstone_CodeBrewer_BuildJobProfile.app */,
			);
			name = Products;
			sourceTree = "<group>";
		};
		39E886022624CF6A00FF10BC /* Capstone_CodeBrewer_BuildJobProfile */ = {
			isa = PBXGroup;
			children = (
				39E886032624CF6A00FF10BC /* AppDelegate.swift */,
				39E886052624CF6A00FF10BC /* SceneDelegate.swift */,
				39E886072624CF6A00FF10BC /* ViewController.swift */,
				394B570526265E0200702F72 /* LoginAuthViewController.swift */,
				C86710DE262761E90071B54C /* DashboardViewController.swift */,
				3D2137A92627C2C000B5E12F /* ResumeCollectionViewCell.swift */,
				39E886092624CF6A00FF10BC /* Main.storyboard */,
				39E8860C2624CF7000FF10BC /* Assets.xcassets */,
				39E8860E2624CF7000FF10BC /* LaunchScreen.storyboard */,
				39E886112624CF7000FF10BC /* Info.plist */,
				394B56C526261FC900702F72 /* GoogleService-Info.plist */,
				3D2137AD2627D01A00B5E12F /* Resume.swift */,
				3D154D6D2628BFFC00C40935 /* ResumeDetailViewController.swift */,
				C8452E812628ADE700DBD578 /* ResumePersonalViewController.swift */,
				3D154DB92628E53A00C40935 /* ResumeProfileLinkViewController.swift */,
				3D225FB62629D66900CCD3F4 /* ResumeSummaryViewController.swift */,
				3D225FD22629DF5000CCD3F4 /* ResumeEducationViewController.swift */,
				3D225FD52629DFF800CCD3F4 /* EducationTableViewCell.swift */,
				3D225FD82629EADD00CCD3F4 /* ExperianceTableViewCell.swift */,
				3D225FDB2629EB1900CCD3F4 /* ResumeExperianceViewController.swift */,
				3D225FDE2629EB7000CCD3F4 /* ResumeSkilsViewController.swift */,
				3D7CE0CE262A807D00DE8B30 /* ResumeChooseTemplateCollectionViewCell.swift */,
				3D7CE0D1262A856E00DE8B30 /* ResumeChooseTemplateViewController.swift */,
				3D7CE0D4262A86D700DE8B30 /* ResumeSaveDownloadViewController.swift */,
				3D7CE0D7262A898500DE8B30 /* SubscriptionViewController.swift */,
				3D7CE0DA262A89C000DE8B30 /* SubscriptionCollectionViewCell.swift */,
				3D7CE0DD262A9A9B00DE8B30 /* CoverLetterDetailViewController.swift */,
				3D27E747262B0A8E00BA26A8 /* CustomPrintPageRenderer.swift */,
				3D27E74A262B2C4C00BA26A8 /* AddNewPopUoViewController.swift */,
			);
			path = Capstone_CodeBrewer_BuildJobProfile;
			sourceTree = "<group>";
		};
		C8903494D012AEF96D55382E /* Pods */ = {
			isa = PBXGroup;
			children = (
				0976D90B81460B94EECCE6A6 /* Pods-Capstone_CodeBrewer_BuildJobProfile.debug.xcconfig */,
				AB7269D0D3CC20860A0456B4 /* Pods-Capstone_CodeBrewer_BuildJobProfile.release.xcconfig */,
			);
			path = Pods;
			sourceTree = "<group>";
		};
		F0B1EE11779E55D19908DBD2 /* Frameworks */ = {
			isa = PBXGroup;
			children = (
				280BF69109C912B97AA30C86 /* Pods_Capstone_CodeBrewer_BuildJobProfile.framework */,
			);
			name = Frameworks;
			sourceTree = "<group>";
		};
/* End PBXGroup section */

/* Begin PBXNativeTarget section */
		39E885FF2624CF6A00FF10BC /* Capstone_CodeBrewer_BuildJobProfile */ = {
			isa = PBXNativeTarget;
			buildConfigurationList = 39E886142624CF7000FF10BC /* Build configuration list for PBXNativeTarget "Capstone_CodeBrewer_BuildJobProfile" */;
			buildPhases = (
				EAE251ADDAFC47F2E738D82A /* [CP] Check Pods Manifest.lock */,
				39E885FC2624CF6A00FF10BC /* Sources */,
				39E885FD2624CF6A00FF10BC /* Frameworks */,
				39E885FE2624CF6A00FF10BC /* Resources */,
				A0E14AA9CCECF084846C38D7 /* [CP] Embed Pods Frameworks */,
				0A664FAFC53A0B611DDED613 /* [CP] Copy Pods Resources */,
			);
			buildRules = (
			);
			dependencies = (
			);
			name = Capstone_CodeBrewer_BuildJobProfile;
			productName = Capstone_CodeBrewer_BuildJobProfile;
			productReference = 39E886002624CF6A00FF10BC /* Capstone_CodeBrewer_BuildJobProfile.app */;
			productType = "com.apple.product-type.application";
		};
/* End PBXNativeTarget section */

/* Begin PBXProject section */
		39E885F82624CF6A00FF10BC /* Project object */ = {
			isa = PBXProject;
			attributes = {
				LastSwiftUpdateCheck = 1230;
				LastUpgradeCheck = 1230;
				TargetAttributes = {
					39E885FF2624CF6A00FF10BC = {
						CreatedOnToolsVersion = 12.3;
					};
				};
			};
			buildConfigurationList = 39E885FB2624CF6A00FF10BC /* Build configuration list for PBXProject "Capstone_CodeBrewer_BuildJobProfile" */;
			compatibilityVersion = "Xcode 9.3";
			developmentRegion = en;
			hasScannedForEncodings = 0;
			knownRegions = (
				en,
				Base,
			);
			mainGroup = 39E885F72624CF6A00FF10BC;
			productRefGroup = 39E886012624CF6A00FF10BC /* Products */;
			projectDirPath = "";
			projectRoot = "";
			targets = (
				39E885FF2624CF6A00FF10BC /* Capstone_CodeBrewer_BuildJobProfile */,
			);
		};
/* End PBXProject section */

/* Begin PBXResourcesBuildPhase section */
		39E885FE2624CF6A00FF10BC /* Resources */ = {
			isa = PBXResourcesBuildPhase;
			buildActionMask = 2147483647;
			files = (
				39E886102624CF7000FF10BC /* LaunchScreen.storyboard in Resources */,
				394B56C626261FC900702F72 /* GoogleService-Info.plist in Resources */,
				39E8860D2624CF7000FF10BC /* Assets.xcassets in Resources */,
				39E8860B2624CF6A00FF10BC /* Main.storyboard in Resources */,
			);
			runOnlyForDeploymentPostprocessing = 0;
		};
/* End PBXResourcesBuildPhase section */

/* Begin PBXShellScriptBuildPhase section */
		0A664FAFC53A0B611DDED613 /* [CP] Copy Pods Resources */ = {
			isa = PBXShellScriptBuildPhase;
			buildActionMask = 2147483647;
			files = (
			);
			inputFileListPaths = (
				"${PODS_ROOT}/Target Support Files/Pods-Capstone_CodeBrewer_BuildJobProfile/Pods-Capstone_CodeBrewer_BuildJobProfile-resources-${CONFIGURATION}-input-files.xcfilelist",
			);
			name = "[CP] Copy Pods Resources";
			outputFileListPaths = (
				"${PODS_ROOT}/Target Support Files/Pods-Capstone_CodeBrewer_BuildJobProfile/Pods-Capstone_CodeBrewer_BuildJobProfile-resources-${CONFIGURATION}-output-files.xcfilelist",
			);
			runOnlyForDeploymentPostprocessing = 0;
			shellPath = /bin/sh;
			shellScript = "\"${PODS_ROOT}/Target Support Files/Pods-Capstone_CodeBrewer_BuildJobProfile/Pods-Capstone_CodeBrewer_BuildJobProfile-resources.sh\"\n";
			showEnvVarsInLog = 0;
		};
		A0E14AA9CCECF084846C38D7 /* [CP] Embed Pods Frameworks */ = {
			isa = PBXShellScriptBuildPhase;
			buildActionMask = 2147483647;
			files = (
			);
			inputFileListPaths = (
				"${PODS_ROOT}/Target Support Files/Pods-Capstone_CodeBrewer_BuildJobProfile/Pods-Capstone_CodeBrewer_BuildJobProfile-frameworks-${CONFIGURATION}-input-files.xcfilelist",
			);
			name = "[CP] Embed Pods Frameworks";
			outputFileListPaths = (
				"${PODS_ROOT}/Target Support Files/Pods-Capstone_CodeBrewer_BuildJobProfile/Pods-Capstone_CodeBrewer_BuildJobProfile-frameworks-${CONFIGURATION}-output-files.xcfilelist",
			);
			runOnlyForDeploymentPostprocessing = 0;
			shellPath = /bin/sh;
			shellScript = "\"${PODS_ROOT}/Target Support Files/Pods-Capstone_CodeBrewer_BuildJobProfile/Pods-Capstone_CodeBrewer_BuildJobProfile-frameworks.sh\"\n";
			showEnvVarsInLog = 0;
		};
		EAE251ADDAFC47F2E738D82A /* [CP] Check Pods Manifest.lock */ = {
			isa = PBXShellScriptBuildPhase;
			buildActionMask = 2147483647;
			files = (
			);
			inputFileListPaths = (
			);
			inputPaths = (
				"${PODS_PODFILE_DIR_PATH}/Podfile.lock",
				"${PODS_ROOT}/Manifest.lock",
			);
			name = "[CP] Check Pods Manifest.lock";
			outputFileListPaths = (
			);
			outputPaths = (
				"$(DERIVED_FILE_DIR)/Pods-Capstone_CodeBrewer_BuildJobProfile-checkManifestLockResult.txt",
			);
			runOnlyForDeploymentPostprocessing = 0;
			shellPath = /bin/sh;
			shellScript = "diff \"${PODS_PODFILE_DIR_PATH}/Podfile.lock\" \"${PODS_ROOT}/Manifest.lock\" > /dev/null\nif [ $? != 0 ] ; then\n    # print error to STDERR\n    echo \"error: The sandbox is not in sync with the Podfile.lock. Run 'pod install' or update your CocoaPods installation.\" >&2\n    exit 1\nfi\n# This output is used by Xcode 'outputs' to avoid re-running this script phase.\necho \"SUCCESS\" > \"${SCRIPT_OUTPUT_FILE_0}\"\n";
			showEnvVarsInLog = 0;
		};
/* End PBXShellScriptBuildPhase section */

/* Begin PBXSourcesBuildPhase section */
		39E885FC2624CF6A00FF10BC /* Sources */ = {
			isa = PBXSourcesBuildPhase;
			buildActionMask = 2147483647;
			files = (
				3D225FDF2629EB7000CCD3F4 /* ResumeSkilsViewController.swift in Sources */,
				3D7CE0DE262A9A9B00DE8B30 /* CoverLetterDetailViewController.swift in Sources */,
				39E886082624CF6A00FF10BC /* ViewController.swift in Sources */,
				3D7CE0CF262A807D00DE8B30 /* ResumeChooseTemplateCollectionViewCell.swift in Sources */,
				3D27E748262B0A8E00BA26A8 /* CustomPrintPageRenderer.swift in Sources */,
				3D2137AA2627C2C000B5E12F /* ResumeCollectionViewCell.swift in Sources */,
				3D225FD32629DF5000CCD3F4 /* ResumeEducationViewController.swift in Sources */,
				3D225FDC2629EB1900CCD3F4 /* ResumeExperianceViewController.swift in Sources */,
				3D7CE0DB262A89C000DE8B30 /* SubscriptionCollectionViewCell.swift in Sources */,
				3D7CE0D8262A898500DE8B30 /* SubscriptionViewController.swift in Sources */,
				39E886042624CF6A00FF10BC /* AppDelegate.swift in Sources */,
				3D225FD62629DFF800CCD3F4 /* EducationTableViewCell.swift in Sources */,
				3D225FD92629EADD00CCD3F4 /* ExperianceTableViewCell.swift in Sources */,
				3D154D6E2628BFFC00C40935 /* ResumeDetailViewController.swift in Sources */,
				3D27E74B262B2C4C00BA26A8 /* AddNewPopUoViewController.swift in Sources */,
				3D2137AE2627D01A00B5E12F /* Resume.swift in Sources */,
				C86710DF262761E90071B54C /* DashboardViewController.swift in Sources */,
				3D7CE0D2262A856E00DE8B30 /* ResumeChooseTemplateViewController.swift in Sources */,
				C8452E822628ADE700DBD578 /* ResumePersonalViewController.swift in Sources */,
				394B570626265E0200702F72 /* LoginAuthViewController.swift in Sources */,
				39E886062624CF6A00FF10BC /* SceneDelegate.swift in Sources */,
				3D154DBA2628E53A00C40935 /* ResumeProfileLinkViewController.swift in Sources */,
				3D7CE0D5262A86D700DE8B30 /* ResumeSaveDownloadViewController.swift in Sources */,
				3D225FB72629D66900CCD3F4 /* ResumeSummaryViewController.swift in Sources */,
			);
			runOnlyForDeploymentPostprocessing = 0;
		};
/* End PBXSourcesBuildPhase section */

/* Begin PBXVariantGroup section */
		39E886092624CF6A00FF10BC /* Main.storyboard */ = {
			isa = PBXVariantGroup;
			children = (
				39E8860A2624CF6A00FF10BC /* Base */,
			);
			name = Main.storyboard;
			sourceTree = "<group>";
		};
		39E8860E2624CF7000FF10BC /* LaunchScreen.storyboard */ = {
			isa = PBXVariantGroup;
			children = (
				39E8860F2624CF7000FF10BC /* Base */,
			);
			name = LaunchScreen.storyboard;
			sourceTree = "<group>";
		};
/* End PBXVariantGroup section */

/* Begin XCBuildConfiguration section */
		39E886122624CF7000FF10BC /* Debug */ = {
			isa = XCBuildConfiguration;
			buildSettings = {
				ALWAYS_SEARCH_USER_PATHS = NO;
				CLANG_ANALYZER_NONNULL = YES;
				CLANG_ANALYZER_NUMBER_OBJECT_CONVERSION = YES_AGGRESSIVE;
				CLANG_CXX_LANGUAGE_STANDARD = "gnu++14";
				CLANG_CXX_LIBRARY = "libc++";
				CLANG_ENABLE_MODULES = YES;
				CLANG_ENABLE_OBJC_ARC = YES;
				CLANG_ENABLE_OBJC_WEAK = YES;
				CLANG_WARN_BLOCK_CAPTURE_AUTORELEASING = YES;
				CLANG_WARN_BOOL_CONVERSION = YES;
				CLANG_WARN_COMMA = YES;
				CLANG_WARN_CONSTANT_CONVERSION = YES;
				CLANG_WARN_DEPRECATED_OBJC_IMPLEMENTATIONS = YES;
				CLANG_WARN_DIRECT_OBJC_ISA_USAGE = YES_ERROR;
				CLANG_WARN_DOCUMENTATION_COMMENTS = YES;
				CLANG_WARN_EMPTY_BODY = YES;
				CLANG_WARN_ENUM_CONVERSION = YES;
				CLANG_WARN_INFINITE_RECURSION = YES;
				CLANG_WARN_INT_CONVERSION = YES;
				CLANG_WARN_NON_LITERAL_NULL_CONVERSION = YES;
				CLANG_WARN_OBJC_IMPLICIT_RETAIN_SELF = YES;
				CLANG_WARN_OBJC_LITERAL_CONVERSION = YES;
				CLANG_WARN_OBJC_ROOT_CLASS = YES_ERROR;
				CLANG_WARN_QUOTED_INCLUDE_IN_FRAMEWORK_HEADER = YES;
				CLANG_WARN_RANGE_LOOP_ANALYSIS = YES;
				CLANG_WARN_STRICT_PROTOTYPES = YES;
				CLANG_WARN_SUSPICIOUS_MOVE = YES;
				CLANG_WARN_UNGUARDED_AVAILABILITY = YES_AGGRESSIVE;
				CLANG_WARN_UNREACHABLE_CODE = YES;
				CLANG_WARN__DUPLICATE_METHOD_MATCH = YES;
				COPY_PHASE_STRIP = NO;
				DEBUG_INFORMATION_FORMAT = dwarf;
				ENABLE_STRICT_OBJC_MSGSEND = YES;
				ENABLE_TESTABILITY = YES;
				GCC_C_LANGUAGE_STANDARD = gnu11;
				GCC_DYNAMIC_NO_PIC = NO;
				GCC_NO_COMMON_BLOCKS = YES;
				GCC_OPTIMIZATION_LEVEL = 0;
				GCC_PREPROCESSOR_DEFINITIONS = (
					"DEBUG=1",
					"$(inherited)",
				);
				GCC_WARN_64_TO_32_BIT_CONVERSION = YES;
				GCC_WARN_ABOUT_RETURN_TYPE = YES_ERROR;
				GCC_WARN_UNDECLARED_SELECTOR = YES;
				GCC_WARN_UNINITIALIZED_AUTOS = YES_AGGRESSIVE;
				GCC_WARN_UNUSED_FUNCTION = YES;
				GCC_WARN_UNUSED_VARIABLE = YES;
				IPHONEOS_DEPLOYMENT_TARGET = 14.3;
				MTL_ENABLE_DEBUG_INFO = INCLUDE_SOURCE;
				MTL_FAST_MATH = YES;
				ONLY_ACTIVE_ARCH = YES;
				SDKROOT = iphoneos;
				SWIFT_ACTIVE_COMPILATION_CONDITIONS = DEBUG;
				SWIFT_OPTIMIZATION_LEVEL = "-Onone";
			};
			name = Debug;
		};
		39E886132624CF7000FF10BC /* Release */ = {
			isa = XCBuildConfiguration;
			buildSettings = {
				ALWAYS_SEARCH_USER_PATHS = NO;
				CLANG_ANALYZER_NONNULL = YES;
				CLANG_ANALYZER_NUMBER_OBJECT_CONVERSION = YES_AGGRESSIVE;
				CLANG_CXX_LANGUAGE_STANDARD = "gnu++14";
				CLANG_CXX_LIBRARY = "libc++";
				CLANG_ENABLE_MODULES = YES;
				CLANG_ENABLE_OBJC_ARC = YES;
				CLANG_ENABLE_OBJC_WEAK = YES;
				CLANG_WARN_BLOCK_CAPTURE_AUTORELEASING = YES;
				CLANG_WARN_BOOL_CONVERSION = YES;
				CLANG_WARN_COMMA = YES;
				CLANG_WARN_CONSTANT_CONVERSION = YES;
				CLANG_WARN_DEPRECATED_OBJC_IMPLEMENTATIONS = YES;
				CLANG_WARN_DIRECT_OBJC_ISA_USAGE = YES_ERROR;
				CLANG_WARN_DOCUMENTATION_COMMENTS = YES;
				CLANG_WARN_EMPTY_BODY = YES;
				CLANG_WARN_ENUM_CONVERSION = YES;
				CLANG_WARN_INFINITE_RECURSION = YES;
				CLANG_WARN_INT_CONVERSION = YES;
				CLANG_WARN_NON_LITERAL_NULL_CONVERSION = YES;
				CLANG_WARN_OBJC_IMPLICIT_RETAIN_SELF = YES;
				CLANG_WARN_OBJC_LITERAL_CONVERSION = YES;
				CLANG_WARN_OBJC_ROOT_CLASS = YES_ERROR;
				CLANG_WARN_QUOTED_INCLUDE_IN_FRAMEWORK_HEADER = YES;
				CLANG_WARN_RANGE_LOOP_ANALYSIS = YES;
				CLANG_WARN_STRICT_PROTOTYPES = YES;
				CLANG_WARN_SUSPICIOUS_MOVE = YES;
				CLANG_WARN_UNGUARDED_AVAILABILITY = YES_AGGRESSIVE;
				CLANG_WARN_UNREACHABLE_CODE = YES;
				CLANG_WARN__DUPLICATE_METHOD_MATCH = YES;
				COPY_PHASE_STRIP = NO;
				DEBUG_INFORMATION_FORMAT = "dwarf-with-dsym";
				ENABLE_NS_ASSERTIONS = NO;
				ENABLE_STRICT_OBJC_MSGSEND = YES;
				GCC_C_LANGUAGE_STANDARD = gnu11;
				GCC_NO_COMMON_BLOCKS = YES;
				GCC_WARN_64_TO_32_BIT_CONVERSION = YES;
				GCC_WARN_ABOUT_RETURN_TYPE = YES_ERROR;
				GCC_WARN_UNDECLARED_SELECTOR = YES;
				GCC_WARN_UNINITIALIZED_AUTOS = YES_AGGRESSIVE;
				GCC_WARN_UNUSED_FUNCTION = YES;
				GCC_WARN_UNUSED_VARIABLE = YES;
				IPHONEOS_DEPLOYMENT_TARGET = 14.3;
				MTL_ENABLE_DEBUG_INFO = NO;
				MTL_FAST_MATH = YES;
				SDKROOT = iphoneos;
				SWIFT_COMPILATION_MODE = wholemodule;
				SWIFT_OPTIMIZATION_LEVEL = "-O";
				VALIDATE_PRODUCT = YES;
			};
			name = Release;
		};
		39E886152624CF7000FF10BC /* Debug */ = {
			isa = XCBuildConfiguration;
			baseConfigurationReference = 0976D90B81460B94EECCE6A6 /* Pods-Capstone_CodeBrewer_BuildJobProfile.debug.xcconfig */;
			buildSettings = {
				ASSETCATALOG_COMPILER_APPICON_NAME = AppIcon;
				ASSETCATALOG_COMPILER_GLOBAL_ACCENT_COLOR_NAME = AccentColor;
				CODE_SIGN_STYLE = Automatic;
				DEVELOPMENT_TEAM = QWFVMB233N;
				INFOPLIST_FILE = Capstone_CodeBrewer_BuildJobProfile/Info.plist;
				LD_RUNPATH_SEARCH_PATHS = (
					"$(inherited)",
					"@executable_path/Frameworks",
				);
				PRODUCT_BUNDLE_IDENTIFIER = "com.lambton.C0787472.buildJobProfile.Capstone-CodeBrewer-BuildJobProfile";
				PRODUCT_NAME = "$(TARGET_NAME)";
				SWIFT_VERSION = 5.0;
				TARGETED_DEVICE_FAMILY = 1;
			};
			name = Debug;
		};
		39E886162624CF7000FF10BC /* Release */ = {
			isa = XCBuildConfiguration;
			baseConfigurationReference = AB7269D0D3CC20860A0456B4 /* Pods-Capstone_CodeBrewer_BuildJobProfile.release.xcconfig */;
			buildSettings = {
				ASSETCATALOG_COMPILER_APPICON_NAME = AppIcon;
				ASSETCATALOG_COMPILER_GLOBAL_ACCENT_COLOR_NAME = AccentColor;
				CODE_SIGN_STYLE = Automatic;
				DEVELOPMENT_TEAM = QWFVMB233N;
				INFOPLIST_FILE = Capstone_CodeBrewer_BuildJobProfile/Info.plist;
				LD_RUNPATH_SEARCH_PATHS = (
					"$(inherited)",
					"@executable_path/Frameworks",
				);
				PRODUCT_BUNDLE_IDENTIFIER = "com.lambton.C0787472.buildJobProfile.Capstone-CodeBrewer-BuildJobProfile";
				PRODUCT_NAME = "$(TARGET_NAME)";
				SWIFT_VERSION = 5.0;
				TARGETED_DEVICE_FAMILY = 1;
			};
			name = Release;
		};
/* End XCBuildConfiguration section */

/* Begin XCConfigurationList section */
		39E885FB2624CF6A00FF10BC /* Build configuration list for PBXProject "Capstone_CodeBrewer_BuildJobProfile" */ = {
			isa = XCConfigurationList;
			buildConfigurations = (
				39E886122624CF7000FF10BC /* Debug */,
				39E886132624CF7000FF10BC /* Release */,
			);
			defaultConfigurationIsVisible = 0;
			defaultConfigurationName = Release;
		};
		39E886142624CF7000FF10BC /* Build configuration list for PBXNativeTarget "Capstone_CodeBrewer_BuildJobProfile" */ = {
			isa = XCConfigurationList;
			buildConfigurations = (
				39E886152624CF7000FF10BC /* Debug */,
				39E886162624CF7000FF10BC /* Release */,
			);
			defaultConfigurationIsVisible = 0;
			defaultConfigurationName = Release;
		};
/* End XCConfigurationList section */
	};
	rootObject = 39E885F82624CF6A00FF10BC /* Project object */;
}
